
Microsoft Visual Studio Solution File, Format Version 12.00
# Visual Studio Version 16
VisualStudioVersion = 16.0.30717.126
MinimumVisualStudioVersion = 10.0.40219.1
Project("{FAE04EC0-301F-11D3-BF4B-00C04F79EFBC}") = "Praktikum14", "Praktikum14\Praktikum14.csproj", "{18E93607-05E8-4539-A7AF-BAB16A589FBA}"
EndProject
Global
	GlobalSection(SolutionConfigurationPlatforms) = preSolution
		Debug|Any CPU = Debug|Any CPU
		Release|Any CPU = Release|Any CPU
	EndGlobalSection
	GlobalSection(ProjectConfigurationPlatforms) = postSolution
		{18E93607-05E8-4539-A7AF-BAB16A589FBA}.Debug|Any CPU.ActiveCfg = Debug|Any CPU
		{18E93607-05E8-4539-A7AF-BAB16A589FBA}.Debug|Any CPU.Build.0 = Debug|Any CPU
		{18E93607-05E8-4539-A7AF-BAB16A589FBA}.Release|Any CPU.ActiveCfg = Release|Any CPU
		{18E93607-05E8-4539-A7AF-BAB16A589FBA}.Release|Any CPU.Build.0 = Release|Any CPU
	EndGlobalSection
	GlobalSection(SolutionProperties) = preSolution
		HideSolutionNode = FALSE
	EndGlobalSection
	GlobalSection(ExtensibilityGlobals) = postSolution
		SolutionGuid = {95D4EC68-C85C-4D4E-A1A0-8E6C1519F933}
	EndGlobalSection
EndGlobal
